
Microsoft Visual Studio Solution File, Format Version 12.00
# Visual Studio Version 16
VisualStudioVersion = 16.0.30517.126
MinimumVisualStudioVersion = 10.0.40219.1
Project("{FAE04EC0-301F-11D3-BF4B-00C04F79EFBC}") = "Deakynes.DataAccess", "Deakynes.DataAccess\Deakynes.DataAccess.csproj", "{EFBD5056-B870-4560-AFD9-DF0E3F988F3D}"
EndProject
Global
	GlobalSection(SolutionConfigurationPlatforms) = preSolution
		Debug|Any CPU = Debug|Any CPU
		Release|Any CPU = Release|Any CPU
	EndGlobalSection
	GlobalSection(ProjectConfigurationPlatforms) = postSolution
		{EFBD5056-B870-4560-AFD9-DF0E3F988F3D}.Debug|Any CPU.ActiveCfg = Debug|Any CPU
		{EFBD5056-B870-4560-AFD9-DF0E3F988F3D}.Debug|Any CPU.Build.0 = Debug|Any CPU
		{EFBD5056-B870-4560-AFD9-DF0E3F988F3D}.Release|Any CPU.ActiveCfg = Release|Any CPU
		{EFBD5056-B870-4560-AFD9-DF0E3F988F3D}.Release|Any CPU.Build.0 = Release|Any CPU
	EndGlobalSection
	GlobalSection(SolutionProperties) = preSolution
		HideSolutionNode = FALSE
	EndGlobalSection
	GlobalSection(ExtensibilityGlobals) = postSolution
		SolutionGuid = {315E8EEE-CCC3-44F4-99F5-7667201EBCC3}
	EndGlobalSection
EndGlobal
